// !$*UTF8*$!
{
	archiveVersion = 1;
	classes = {
	};
	objectVersion = 50;
	objects = {

/* Begin PBXBuildFile section */
		2C141848221A47C800F4CB70 /* AppDelegate.m in Sources */ = {isa = PBXBuildFile; fileRef = 2C141847221A47C800F4CB70 /* AppDelegate.m */; };
		2C14184B221A47C800F4CB70 /* ViewController.m in Sources */ = {isa = PBXBuildFile; fileRef = 2C14184A221A47C800F4CB70 /* ViewController.m */; };
		2C14184E221A47C800F4CB70 /* Main.storyboard in Resources */ = {isa = PBXBuildFile; fileRef = 2C14184C221A47C800F4CB70 /* Main.storyboard */; };
		2C141850221A47CA00F4CB70 /* Assets.xcassets in Resources */ = {isa = PBXBuildFile; fileRef = 2C14184F221A47CA00F4CB70 /* Assets.xcassets */; };
		2C141853221A47CA00F4CB70 /* LaunchScreen.storyboard in Resources */ = {isa = PBXBuildFile; fileRef = 2C141851221A47CA00F4CB70 /* LaunchScreen.storyboard */; };
		2C141856221A47CA00F4CB70 /* main.m in Sources */ = {isa = PBXBuildFile; fileRef = 2C141855221A47CA00F4CB70 /* main.m */; };
		2C141860221A47CA00F4CB70 /* TWTableviewDemoTests.m in Sources */ = {isa = PBXBuildFile; fileRef = 2C14185F221A47CA00F4CB70 /* TWTableviewDemoTests.m */; };
		2C14186B221A47CA00F4CB70 /* TWTableviewDemoUITests.m in Sources */ = {isa = PBXBuildFile; fileRef = 2C14186A221A47CA00F4CB70 /* TWTableviewDemoUITests.m */; };
/* End PBXBuildFile section */

/* Begin PBXContainerItemProxy section */
		2C14185C221A47CA00F4CB70 /* PBXContainerItemProxy */ = {
			isa = PBXContainerItemProxy;
			containerPortal = 2C14183B221A47C800F4CB70 /* Project object */;
			proxyType = 1;
			remoteGlobalIDString = 2C141842221A47C800F4CB70;
			remoteInfo = TWTableviewDemo;
		};
		2C141867221A47CA00F4CB70 /* PBXContainerItemProxy */ = {
			isa = PBXContainerItemProxy;
			containerPortal = 2C14183B221A47C800F4CB70 /* Project object */;
			proxyType = 1;
			remoteGlobalIDString = 2C141842221A47C800F4CB70;
			remoteInfo = TWTableviewDemo;
		};
/* End PBXContainerItemProxy section */

/* Begin PBXFileReference section */
		2C141843221A47C800F4CB70 /* TWTableviewDemo.app */ = {isa = PBXFileReference; explicitFileType = wrapper.application; includeInIndex = 0; path = TWTableviewDemo.app; sourceTree = BUILT_PRODUCTS_DIR; };
		2C141846221A47C800F4CB70 /* AppDelegate.h */ = {isa = PBXFileReference; lastKnownFileType = sourcecode.c.h; path = AppDelegate.h; sourceTree = "<group>"; };
		2C141847221A47C800F4CB70 /* AppDelegate.m */ = {isa = PBXFileReference; lastKnownFileType = sourcecode.c.objc; path = AppDelegate.m; sourceTree = "<group>"; };
		2C141849221A47C800F4CB70 /* ViewController.h */ = {isa = PBXFileReference; lastKnownFileType = sourcecode.c.h; path = ViewController.h; sourceTree = "<group>"; };
		2C14184A221A47C800F4CB70 /* ViewController.m */ = {isa = PBXFileReference; lastKnownFileType = sourcecode.c.objc; path = ViewController.m; sourceTree = "<group>"; };
		2C14184D221A47C800F4CB70 /* Base */ = {isa = PBXFileReference; lastKnownFileType = file.storyboard; name = Base; path = Base.lproj/Main.storyboard; sourceTree = "<group>"; };
		2C14184F221A47CA00F4CB70 /* Assets.xcassets */ = {isa = PBXFileReference; lastKnownFileType = folder.assetcatalog; path = Assets.xcassets; sourceTree = "<group>"; };
		2C141852221A47CA00F4CB70 /* Base */ = {isa = PBXFileReference; lastKnownFileType = file.storyboard; name = Base; path = Base.lproj/LaunchScreen.storyboard; sourceTree = "<group>"; };
		2C141854221A47CA00F4CB70 /* Info.plist */ = {isa = PBXFileReference; lastKnownFileType = text.plist.xml; path = Info.plist; sourceTree = "<group>"; };
		2C141855221A47CA00F4CB70 /* main.m */ = {isa = PBXFileReference; lastKnownFileType = sourcecode.c.objc; path = main.m; sourceTree = "<group>"; };
		2C14185B221A47CA00F4CB70 /* TWTableviewDemoTests.xctest */ = {isa = PBXFileReference; explicitFileType = wrapper.cfbundle; includeInIndex = 0; path = TWTableviewDemoTests.xctest; sourceTree = BUILT_PRODUCTS_DIR; };
		2C14185F221A47CA00F4CB70 /* TWTableviewDemoTests.m */ = {isa = PBXFileReference; lastKnownFileType = sourcecode.c.objc; path = TWTableviewDemoTests.m; sourceTree = "<group>"; };
		2C141861221A47CA00F4CB70 /* Info.plist */ = {isa = PBXFileReference; lastKnownFileType = text.plist.xml; path = Info.plist; sourceTree = "<group>"; };
		2C141866221A47CA00F4CB70 /* TWTableviewDemoUITests.xctest */ = {isa = PBXFileReference; explicitFileType = wrapper.cfbundle; includeInIndex = 0; path = TWTableviewDemoUITests.xctest; sourceTree = BUILT_PRODUCTS_DIR; };
		2C14186A221A47CA00F4CB70 /* TWTableviewDemoUITests.m */ = {isa = PBXFileReference; lastKnownFileType = sourcecode.c.objc; path = TWTableviewDemoUITests.m; sourceTree = "<group>"; };
		2C14186C221A47CA00F4CB70 /* Info.plist */ = {isa = PBXFileReference; lastKnownFileType = text.plist.xml; path = Info.plist; sourceTree = "<group>"; };
/* End PBXFileReference section */

/* Begin PBXFrameworksBuildPhase section */
		2C141840221A47C800F4CB70 /* Frameworks */ = {
			isa = PBXFrameworksBuildPhase;
			buildActionMask = 2147483647;
			files = (
			);
			runOnlyForDeploymentPostprocessing = 0;
		};
		2C141858221A47CA00F4CB70 /* Frameworks */ = {
			isa = PBXFrameworksBuildPhase;
			buildActionMask = 2147483647;
			files = (
			);
			runOnlyForDeploymentPostprocessing = 0;
		};
		2C141863221A47CA00F4CB70 /* Frameworks */ = {
			isa = PBXFrameworksBuildPhase;
			buildActionMask = 2147483647;
			files = (
			);
			runOnlyForDeploymentPostprocessing = 0;
		};
/* End PBXFrameworksBuildPhase section */

/* Begin PBXGroup section */
		2C14183A221A47C800F4CB70 = {
			isa = PBXGroup;
			children = (
				2C141845221A47C800F4CB70 /* TWTableviewDemo */,
				2C14185E221A47CA00F4CB70 /* TWTableviewDemoTests */,
				2C141869221A47CA00F4CB70 /* TWTableviewDemoUITests */,
				2C141844221A47C800F4CB70 /* Products */,
			);
			sourceTree = "<group>";
		};
		2C141844221A47C800F4CB70 /* Products */ = {
			isa = PBXGroup;
			children = (
				2C141843221A47C800F4CB70 /* TWTableviewDemo.app */,
				2C14185B221A47CA00F4CB70 /* TWTableviewDemoTests.xctest */,
				2C141866221A47CA00F4CB70 /* TWTableviewDemoUITests.xctest */,
			);
			name = Products;
			sourceTree = "<group>";
		};
		2C141845221A47C800F4CB70 /* TWTableviewDemo */ = {
			isa = PBXGroup;
			children = (
				2C141846221A47C800F4CB70 /* AppDelegate.h */,
				2C141847221A47C800F4CB70 /* AppDelegate.m */,
				2C141849221A47C800F4CB70 /* ViewController.h */,
				2C14184A221A47C800F4CB70 /* ViewController.m */,
				2C14184C221A47C800F4CB70 /* Main.storyboard */,
				2C14184F221A47CA00F4CB70 /* Assets.xcassets */,
				2C141851221A47CA00F4CB70 /* LaunchScreen.storyboard */,
				2C141854221A47CA00F4CB70 /* Info.plist */,
				2C141855221A47CA00F4CB70 /* main.m */,
			);
			path = TWTableviewDemo;
			sourceTree = "<group>";
		};
		2C14185E221A47CA00F4CB70 /* TWTableviewDemoTests */ = {
			isa = PBXGroup;
			children = (
				2C14185F221A47CA00F4CB70 /* TWTableviewDemoTests.m */,
				2C141861221A47CA00F4CB70 /* Info.plist */,
			);
			path = TWTableviewDemoTests;
			sourceTree = "<group>";
		};
		2C141869221A47CA00F4CB70 /* TWTableviewDemoUITests */ = {
			isa = PBXGroup;
			children = (
				2C14186A221A47CA00F4CB70 /* TWTableviewDemoUITests.m */,
				2C14186C221A47CA00F4CB70 /* Info.plist */,
			);
			path = TWTableviewDemoUITests;
			sourceTree = "<group>";
		};
/* End PBXGroup section */

/* Begin PBXNativeTarget section */
		2C141842221A47C800F4CB70 /* TWTableviewDemo */ = {
			isa = PBXNativeTarget;
			buildConfigurationList = 2C14186F221A47CA00F4CB70 /* Build configuration list for PBXNativeTarget "TWTableviewDemo" */;
			buildPhases = (
				2C14183F221A47C800F4CB70 /* Sources */,
				2C141840221A47C800F4CB70 /* Frameworks */,
				2C141841221A47C800F4CB70 /* Resources */,
			);
			buildRules = (
			);
			dependencies = (
			);
			name = TWTableviewDemo;
			productName = TWTableviewDemo;
			productReference = 2C141843221A47C800F4CB70 /* TWTableviewDemo.app */;
			productType = "com.apple.product-type.application";
		};
		2C14185A221A47CA00F4CB70 /* TWTableviewDemoTests */ = {
			isa = PBXNativeTarget;
			buildConfigurationList = 2C141872221A47CA00F4CB70 /* Build configuration list for PBXNativeTarget "TWTableviewDemoTests" */;
			buildPhases = (
				2C141857221A47CA00F4CB70 /* Sources */,
				2C141858221A47CA00F4CB70 /* Frameworks */,
				2C141859221A47CA00F4CB70 /* Resources */,
			);
			buildRules = (
			);
			dependencies = (
				2C14185D221A47CA00F4CB70 /* PBXTargetDependency */,
			);
			name = TWTableviewDemoTests;
			productName = TWTableviewDemoTests;
			productReference = 2C14185B221A47CA00F4CB70 /* TWTableviewDemoTests.xctest */;
			productType = "com.apple.product-type.bundle.unit-test";
		};
		2C141865221A47CA00F4CB70 /* TWTableviewDemoUITests */ = {
			isa = PBXNativeTarget;
			buildConfigurationList = 2C141875221A47CA00F4CB70 /* Build configuration list for PBXNativeTarget "TWTableviewDemoUITests" */;
			buildPhases = (
				2C141862221A47CA00F4CB70 /* Sources */,
				2C141863221A47CA00F4CB70 /* Frameworks */,
				2C141864221A47CA00F4CB70 /* Resources */,
			);
			buildRules = (
			);
			dependencies = (
				2C141868221A47CA00F4CB70 /* PBXTargetDependency */,
			);
			name = TWTableviewDemoUITests;
			productName = TWTableviewDemoUITests;
			productReference = 2C141866221A47CA00F4CB70 /* TWTableviewDemoUITests.xctest */;
			productType = "com.apple.product-type.bundle.ui-testing";
		};
/* End PBXNativeTarget section */

/* Begin PBXProject section */
		2C14183B221A47C800F4CB70 /* Project object */ = {
			isa = PBXProject;
			attributes = {
				LastUpgradeCheck = 0940;
				ORGANIZATIONNAME = wtw;
				TargetAttributes = {
					2C141842221A47C800F4CB70 = {
						CreatedOnToolsVersion = 9.4.1;
					};
					2C14185A221A47CA00F4CB70 = {
						CreatedOnToolsVersion = 9.4.1;
						TestTargetID = 2C141842221A47C800F4CB70;
					};
					2C141865221A47CA00F4CB70 = {
						CreatedOnToolsVersion = 9.4.1;
						TestTargetID = 2C141842221A47C800F4CB70;
					};
				};
			};
			buildConfigurationList = 2C14183E221A47C800F4CB70 /* Build configuration list for PBXProject "TWTableviewDemo" */;
			compatibilityVersion = "Xcode 9.3";
			developmentRegion = en;
			hasScannedForEncodings = 0;
			knownRegions = (
				en,
				Base,
			);
			mainGroup = 2C14183A221A47C800F4CB70;
			productRefGroup = 2C141844221A47C800F4CB70 /* Products */;
			projectDirPath = "";
			projectRoot = "";
			targets = (
				2C141842221A47C800F4CB70 /* TWTableviewDemo */,
				2C14185A221A47CA00F4CB70 /* TWTableviewDemoTests */,
				2C141865221A47CA00F4CB70 /* TWTableviewDemoUITests */,
			);
		};
/* End PBXProject section */

/* Begin PBXResourcesBuildPhase section */
		2C141841221A47C800F4CB70 /* Resources */ = {
			isa = PBXResourcesBuildPhase;
			buildActionMask = 2147483647;
			files = (
				2C141853221A47CA00F4CB70 /* LaunchScreen.storyboard in Resources */,
				2C141850221A47CA00F4CB70 /* Assets.xcassets in Resources */,
				2C14184E221A47C800F4CB70 /* Main.storyboard in Resources */,
			);
			runOnlyForDeploymentPostprocessing = 0;
		};
		2C141859221A47CA00F4CB70 /* Resources */ = {
			isa = PBXResourcesBuildPhase;
			buildActionMask = 2147483647;
			files = (
			);
			runOnlyForDeploymentPostprocessing = 0;
		};
		2C141864221A47CA00F4CB70 /* Resources */ = {
			isa = PBXResourcesBuildPhase;
			buildActionMask = 2147483647;
			files = (
			);
			runOnlyForDeploymentPostprocessing = 0;
		};
/* End PBXResourcesBuildPhase section */

/* Begin PBXSourcesBuildPhase section */
		2C14183F221A47C800F4CB70 /* Sources */ = {
			isa = PBXSourcesBuildPhase;
			buildActionMask = 2147483647;
			files = (
				2C14184B221A47C800F4CB70 /* ViewController.m in Sources */,
				2C141856221A47CA00F4CB70 /* main.m in Sources */,
				2C141848221A47C800F4CB70 /* AppDelegate.m in Sources */,
			);
			runOnlyForDeploymentPostprocessing = 0;
		};
		2C141857221A47CA00F4CB70 /* Sources */ = {
			isa = PBXSourcesBuildPhase;
			buildActionMask = 2147483647;
			files = (
				2C141860221A47CA00F4CB70 /* TWTableviewDemoTests.m in Sources */,
			);
			runOnlyForDeploymentPostprocessing = 0;
		};
		2C141862221A47CA00F4CB70 /* Sources */ = {
			isa = PBXSourcesBuildPhase;
			buildActionMask = 2147483647;
			files = (
				2C14186B221A47CA00F4CB70 /* TWTableviewDemoUITests.m in Sources */,
			);
			runOnlyForDeploymentPostprocessing = 0;
		};
/* End PBXSourcesBuildPhase section */

/* Begin PBXTargetDependency section */
		2C14185D221A47CA00F4CB70 /* PBXTargetDependency */ = {
			isa = PBXTargetDependency;
			target = 2C141842221A47C800F4CB70 /* TWTableviewDemo */;
			targetProxy = 2C14185C221A47CA00F4CB70 /* PBXContainerItemProxy */;
		};
		2C141868221A47CA00F4CB70 /* PBXTargetDependency */ = {
			isa = PBXTargetDependency;
			target = 2C141842221A47C800F4CB70 /* TWTableviewDemo */;
			targetProxy = 2C141867221A47CA00F4CB70 /* PBXContainerItemProxy */;
		};
/* End PBXTargetDependency section */

/* Begin PBXVariantGroup section */
		2C14184C221A47C800F4CB70 /* Main.storyboard */ = {
			isa = PBXVariantGroup;
			children = (
				2C14184D221A47C800F4CB70 /* Base */,
			);
			name = Main.storyboard;
			sourceTree = "<group>";
		};
		2C141851221A47CA00F4CB70 /* LaunchScreen.storyboard */ = {
			isa = PBXVariantGroup;
			children = (
				2C141852221A47CA00F4CB70 /* Base */,
			);
			name = LaunchScreen.storyboard;
			sourceTree = "<group>";
		};
/* End PBXVariantGroup section */

/* Begin XCBuildConfiguration section */
		2C14186D221A47CA00F4CB70 /* Debug */ = {
			isa = XCBuildConfiguration;
			buildSettings = {
				ALWAYS_SEARCH_USER_PATHS = NO;
				CLANG_ANALYZER_NONNULL = YES;
				CLANG_ANALYZER_NUMBER_OBJECT_CONVERSION = YES_AGGRESSIVE;
				CLANG_CXX_LANGUAGE_STANDARD = "gnu++14";
				CLANG_CXX_LIBRARY = "libc++";
				CLANG_ENABLE_MODULES = YES;
				CLANG_ENABLE_OBJC_ARC = YES;
				CLANG_ENABLE_OBJC_WEAK = YES;
				CLANG_WARN_BLOCK_CAPTURE_AUTORELEASING = YES;
				CLANG_WARN_BOOL_CONVERSION = YES;
				CLANG_WARN_COMMA = YES;
				CLANG_WARN_CONSTANT_CONVERSION = YES;
				CLANG_WARN_DEPRECATED_OBJC_IMPLEMENTATIONS = YES;
				CLANG_WARN_DIRECT_OBJC_ISA_USAGE = YES_ERROR;
				CLANG_WARN_DOCUMENTATION_COMMENTS = YES;
				CLANG_WARN_EMPTY_BODY = YES;
				CLANG_WARN_ENUM_CONVERSION = YES;
				CLANG_WARN_INFINITE_RECURSION = YES;
				CLANG_WARN_INT_CONVERSION = YES;
				CLANG_WARN_NON_LITERAL_NULL_CONVERSION = YES;
				CLANG_WARN_OBJC_IMPLICIT_RETAIN_SELF = YES;
				CLANG_WARN_OBJC_LITERAL_CONVERSION = YES;
				CLANG_WARN_OBJC_ROOT_CLASS = YES_ERROR;
				CLANG_WARN_RANGE_LOOP_ANALYSIS = YES;
				CLANG_WARN_STRICT_PROTOTYPES = YES;
				CLANG_WARN_SUSPICIOUS_MOVE = YES;
				CLANG_WARN_UNGUARDED_AVAILABILITY = YES_AGGRESSIVE;
				CLANG_WARN_UNREACHABLE_CODE = YES;
				CLANG_WARN__DUPLICATE_METHOD_MATCH = YES;
				CODE_SIGN_IDENTITY = "iPhone Developer";
				COPY_PHASE_STRIP = NO;
				DEBUG_INFORMATION_FORMAT = dwarf;
				ENABLE_STRICT_OBJC_MSGSEND = YES;
				ENABLE_TESTABILITY = YES;
				GCC_C_LANGUAGE_STANDARD = gnu11;
				GCC_DYNAMIC_NO_PIC = NO;
				GCC_NO_COMMON_BLOCKS = YES;
				GCC_OPTIMIZATION_LEVEL = 0;
				GCC_PREPROCESSOR_DEFINITIONS = (
					"DEBUG=1",
					"$(inherited)",
				);
				GCC_WARN_64_TO_32_BIT_CONVERSION = YES;
				GCC_WARN_ABOUT_RETURN_TYPE = YES_ERROR;
				GCC_WARN_UNDECLARED_SELECTOR = YES;
				GCC_WARN_UNINITIALIZED_AUTOS = YES_AGGRESSIVE;
				GCC_WARN_UNUSED_FUNCTION = YES;
				GCC_WARN_UNUSED_VARIABLE = YES;
				IPHONEOS_DEPLOYMENT_TARGET = 11.4;
				MTL_ENABLE_DEBUG_INFO = YES;
				ONLY_ACTIVE_ARCH = YES;
				SDKROOT = iphoneos;
			};
			name = Debug;
		};
		2C14186E221A47CA00F4CB70 /* Release */ = {
			isa = XCBuildConfiguration;
			buildSettings = {
				ALWAYS_SEARCH_USER_PATHS = NO;
				CLANG_ANALYZER_NONNULL = YES;
				CLANG_ANALYZER_NUMBER_OBJECT_CONVERSION = YES_AGGRESSIVE;
				CLANG_CXX_LANGUAGE_STANDARD = "gnu++14";
				CLANG_CXX_LIBRARY = "libc++";
				CLANG_ENABLE_MODULES = YES;
				CLANG_ENABLE_OBJC_ARC = YES;
				CLANG_ENABLE_OBJC_WEAK = YES;
				CLANG_WARN_BLOCK_CAPTURE_AUTORELEASING = YES;
				CLANG_WARN_BOOL_CONVERSION = YES;
				CLANG_WARN_COMMA = YES;
				CLANG_WARN_CONSTANT_CONVERSION = YES;
				CLANG_WARN_DEPRECATED_OBJC_IMPLEMENTATIONS = YES;
				CLANG_WARN_DIRECT_OBJC_ISA_USAGE = YES_ERROR;
				CLANG_WARN_DOCUMENTATION_COMMENTS = YES;
				CLANG_WARN_EMPTY_BODY = YES;
				CLANG_WARN_ENUM_CONVERSION = YES;
				CLANG_WARN_INFINITE_RECURSION = YES;
				CLANG_WARN_INT_CONVERSION = YES;
				CLANG_WARN_NON_LITERAL_NULL_CONVERSION = YES;
				CLANG_WARN_OBJC_IMPLICIT_RETAIN_SELF = YES;
				CLANG_WARN_OBJC_LITERAL_CONVERSION = YES;
				CLANG_WARN_OBJC_ROOT_CLASS = YES_ERROR;
				CLANG_WARN_RANGE_LOOP_ANALYSIS = YES;
				CLANG_WARN_STRICT_PROTOTYPES = YES;
				CLANG_WARN_SUSPICIOUS_MOVE = YES;
				CLANG_WARN_UNGUARDED_AVAILABILITY = YES_AGGRESSIVE;
				CLANG_WARN_UNREACHABLE_CODE = YES;
				CLANG_WARN__DUPLICATE_METHOD_MATCH = YES;
				CODE_SIGN_IDENTITY = "iPhone Developer";
				COPY_PHASE_STRIP = NO;
				DEBUG_INFORMATION_FORMAT = "dwarf-with-dsym";
				ENABLE_NS_ASSERTIONS = NO;
				ENABLE_STRICT_OBJC_MSGSEND = YES;
				GCC_C_LANGUAGE_STANDARD = gnu11;
				GCC_NO_COMMON_BLOCKS = YES;
				GCC_WARN_64_TO_32_BIT_CONVERSION = YES;
				GCC_WARN_ABOUT_RETURN_TYPE = YES_ERROR;
				GCC_WARN_UNDECLARED_SELECTOR = YES;
				GCC_WARN_UNINITIALIZED_AUTOS = YES_AGGRESSIVE;
				GCC_WARN_UNUSED_FUNCTION = YES;
				GCC_WARN_UNUSED_VARIABLE = YES;
				IPHONEOS_DEPLOYMENT_TARGET = 11.4;
				MTL_ENABLE_DEBUG_INFO = NO;
				SDKROOT = iphoneos;
				VALIDATE_PRODUCT = YES;
			};
			name = Release;
		};
		2C141870221A47CA00F4CB70 /* Debug */ = {
			isa = XCBuildConfiguration;
			buildSettings = {
				ASSETCATALOG_COMPILER_APPICON_NAME = AppIcon;
				CODE_SIGN_STYLE = Automatic;
				INFOPLIST_FILE = TWTableviewDemo/Info.plist;
				LD_RUNPATH_SEARCH_PATHS = (
					"$(inherited)",
					"@executable_path/Frameworks",
				);
				PRODUCT_BUNDLE_IDENTIFIER = com.wtw.TWTableviewDemo;
				PRODUCT_NAME = "$(TARGET_NAME)";
				TARGETED_DEVICE_FAMILY = "1,2";
			};
			name = Debug;
		};
		2C141871221A47CA00F4CB70 /* Release */ = {
			isa = XCBuildConfiguration;
			buildSettings = {
				ASSETCATALOG_COMPILER_APPICON_NAME = AppIcon;
				CODE_SIGN_STYLE = Automatic;
				INFOPLIST_FILE = TWTableviewDemo/Info.plist;
				LD_RUNPATH_SEARCH_PATHS = (
					"$(inherited)",
					"@executable_path/Frameworks",
				);
				PRODUCT_BUNDLE_IDENTIFIER = com.wtw.TWTableviewDemo;
				PRODUCT_NAME = "$(TARGET_NAME)";
				TARGETED_DEVICE_FAMILY = "1,2";
			};
			name = Release;
		};
		2C141873221A47CA00F4CB70 /* Debug */ = {
			isa = XCBuildConfiguration;
			buildSettings = {
				BUNDLE_LOADER = "$(TEST_HOST)";
				CODE_SIGN_STYLE = Automatic;
				INFOPLIST_FILE = TWTableviewDemoTests/Info.plist;
				LD_RUNPATH_SEARCH_PATHS = (
					"$(inherited)",
					"@executable_path/Frameworks",
					"@loader_path/Frameworks",
				);
				PRODUCT_BUNDLE_IDENTIFIER = com.wtw.TWTableviewDemoTests;
				PRODUCT_NAME = "$(TARGET_NAME)";
				TARGETED_DEVICE_FAMILY = "1,2";
				TEST_HOST = "$(BUILT_PRODUCTS_DIR)/TWTableviewDemo.app/TWTableviewDemo";
			};
			name = Debug;
		};
		2C141874221A47CA00F4CB70 /* Release */ = {
			isa = XCBuildConfiguration;
			buildSettings = {
				BUNDLE_LOADER = "$(TEST_HOST)";
				CODE_SIGN_STYLE = Automatic;
				INFOPLIST_FILE = TWTableviewDemoTests/Info.plist;
				LD_RUNPATH_SEARCH_PATHS = (
					"$(inherited)",
					"@executable_path/Frameworks",
					"@loader_path/Frameworks",
				);
				PRODUCT_BUNDLE_IDENTIFIER = com.wtw.TWTableviewDemoTests;
				PRODUCT_NAME = "$(TARGET_NAME)";
				TARGETED_DEVICE_FAMILY = "1,2";
				TEST_HOST = "$(BUILT_PRODUCTS_DIR)/TWTableviewDemo.app/TWTableviewDemo";
			};
			name = Release;
		};
		2C141876221A47CA00F4CB70 /* Debug */ = {
			isa = XCBuildConfiguration;
			buildSettings = {
				CODE_SIGN_STYLE = Automatic;
				INFOPLIST_FILE = TWTableviewDemoUITests/Info.plist;
				LD_RUNPATH_SEARCH_PATHS = (
					"$(inherited)",
					"@executable_path/Frameworks",
					"@loader_path/Frameworks",
				);
				PRODUCT_BUNDLE_IDENTIFIER = com.wtw.TWTableviewDemoUITests;
				PRODUCT_NAME = "$(TARGET_NAME)";
				TARGETED_DEVICE_FAMILY = "1,2";
				TEST_TARGET_NAME = TWTableviewDemo;
			};
			name = Debug;
		};
		2C141877221A47CA00F4CB70 /* Release */ = {
			isa = XCBuildConfiguration;
			buildSettings = {
				CODE_SIGN_STYLE = Automatic;
				INFOPLIST_FILE = TWTableviewDemoUITests/Info.plist;
				LD_RUNPATH_SEARCH_PATHS = (
					"$(inherited)",
					"@executable_path/Frameworks",
					"@loader_path/Frameworks",
				);
				PRODUCT_BUNDLE_IDENTIFIER = com.wtw.TWTableviewDemoUITests;
				PRODUCT_NAME = "$(TARGET_NAME)";
				TARGETED_DEVICE_FAMILY = "1,2";
				TEST_TARGET_NAME = TWTableviewDemo;
			};
			name = Release;
		};
/* End XCBuildConfiguration section */

/* Begin XCConfigurationList section */
		2C14183E221A47C800F4CB70 /* Build configuration list for PBXProject "TWTableviewDemo" */ = {
			isa = XCConfigurationList;
			buildConfigurations = (
				2C14186D221A47CA00F4CB70 /* Debug */,
				2C14186E221A47CA00F4CB70 /* Release */,
			);
			defaultConfigurationIsVisible = 0;
			defaultConfigurationName = Release;
		};
		2C14186F221A47CA00F4CB70 /* Build configuration list for PBXNativeTarget "TWTableviewDemo" */ = {
			isa = XCConfigurationList;
			buildConfigurations = (
				2C141870221A47CA00F4CB70 /* Debug */,
				2C141871221A47CA00F4CB70 /* Release */,
			);
			defaultConfigurationIsVisible = 0;
			defaultConfigurationName = Release;
		};
		2C141872221A47CA00F4CB70 /* Build configuration list for PBXNativeTarget "TWTableviewDemoTests" */ = {
			isa = XCConfigurationList;
			buildConfigurations = (
				2C141873221A47CA00F4CB70 /* Debug */,
				2C141874221A47CA00F4CB70 /* Release */,
			);
			defaultConfigurationIsVisible = 0;
			defaultConfigurationName = Release;
		};
		2C141875221A47CA00F4CB70 /* Build configuration list for PBXNativeTarget "TWTableviewDemoUITests" */ = {
			isa = XCConfigurationList;
			buildConfigurations = (
				2C141876221A47CA00F4CB70 /* Debug */,
				2C141877221A47CA00F4CB70 /* Release */,
			);
			defaultConfigurationIsVisible = 0;
			defaultConfigurationName = Release;
		};
/* End XCConfigurationList section */
	};
	rootObject = 2C14183B221A47C800F4CB70 /* Project object */;
}
